
Microsoft Visual Studio Solution File, Format Version 12.00
# Visual Studio 14
VisualStudioVersion = 14.0.25123.0
MinimumVisualStudioVersion = 10.0.40219.1
Project("{FAE04EC0-301F-11D3-BF4B-00C04F79EFBC}") = "OLXParser", "OLXParser\OLXParser.csproj", "{D0807AF6-51C9-4461-A82C-51134FB4874D}"
EndProject
Global
	GlobalSection(SolutionConfigurationPlatforms) = preSolution
		Debug|Any CPU = Debug|Any CPU
		Release|Any CPU = Release|Any CPU
	EndGlobalSection
	GlobalSection(ProjectConfigurationPlatforms) = postSolution
		{D0807AF6-51C9-4461-A82C-51134FB4874D}.Debug|Any CPU.ActiveCfg = Debug|Any CPU
		{D0807AF6-51C9-4461-A82C-51134FB4874D}.Debug|Any CPU.Build.0 = Debug|Any CPU
		{D0807AF6-51C9-4461-A82C-51134FB4874D}.Release|Any CPU.ActiveCfg = Release|Any CPU
		{D0807AF6-51C9-4461-A82C-51134FB4874D}.Release|Any CPU.Build.0 = Release|Any CPU
	EndGlobalSection
	GlobalSection(SolutionProperties) = preSolution
		HideSolutionNode = FALSE
	EndGlobalSection
EndGlobal
